
Microsoft Visual Studio Solution File, Format Version 12.00
# Visual Studio 15
VisualStudioVersion = 15.0.26403.7
MinimumVisualStudioVersion = 10.0.40219.1
Project("{FAE04EC0-301F-11D3-BF4B-00C04F79EFBC}") = "BitCo.IdSharp", "BitCo.IdSharp\BitCo.IdSharp.csproj", "{7DBADBB2-D518-4F1E-A9E6-5B54C9DDFA58}"
EndProject
Project("{FAE04EC0-301F-11D3-BF4B-00C04F79EFBC}") = "Test", "Test\Test.csproj", "{17156A5D-3E75-4465-8D7F-FBEB6319EDE7}"
EndProject
Global
	GlobalSection(SolutionConfigurationPlatforms) = preSolution
		Debug|Any CPU = Debug|Any CPU
		Release|Any CPU = Release|Any CPU
	EndGlobalSection
	GlobalSection(ProjectConfigurationPlatforms) = postSolution
		{7DBADBB2-D518-4F1E-A9E6-5B54C9DDFA58}.Debug|Any CPU.ActiveCfg = Debug|Any CPU
		{7DBADBB2-D518-4F1E-A9E6-5B54C9DDFA58}.Debug|Any CPU.Build.0 = Debug|Any CPU
		{7DBADBB2-D518-4F1E-A9E6-5B54C9DDFA58}.Release|Any CPU.ActiveCfg = Release|Any CPU
		{7DBADBB2-D518-4F1E-A9E6-5B54C9DDFA58}.Release|Any CPU.Build.0 = Release|Any CPU
		{17156A5D-3E75-4465-8D7F-FBEB6319EDE7}.Debug|Any CPU.ActiveCfg = Debug|Any CPU
		{17156A5D-3E75-4465-8D7F-FBEB6319EDE7}.Debug|Any CPU.Build.0 = Debug|Any CPU
		{17156A5D-3E75-4465-8D7F-FBEB6319EDE7}.Release|Any CPU.ActiveCfg = Release|Any CPU
		{17156A5D-3E75-4465-8D7F-FBEB6319EDE7}.Release|Any CPU.Build.0 = Release|Any CPU
	EndGlobalSection
	GlobalSection(SolutionProperties) = preSolution
		HideSolutionNode = FALSE
	EndGlobalSection
EndGlobal
